{
    "_meta": {
        "hash": {
            "sha256": "3773e49725ffab9b9fecb886bbf395a10a9c43a4e406c6b3dde7785fd7e04405"
        },
        "pipfile-spec": 6,
        "requires": {
            "python_version": "3"
        },
        "sources": [
            {
                "name": "pypi",
                "url": "https://pypi.org/simple",
                "verify_ssl": true
            }
        ]
    },
    "default": {
        "click": {
            "hashes": [
                "sha256:6b303f0b2aa85f1cb4e5303078fadcbcd4e476f114fab9b5007005711839325c",
                "sha256:f5452aeddd9988eefa20f90f05ab66f17fce1ee2a36907fd30b05bbb5953814d"
            ],
            "version": "==8.2.0"
        },
        "colorama": {
            "hashes": [
                "sha256:08695f5cb7ed6e0531a20572697297273c47b8cae5a63ffc6d6ed5c201be6e44",
                "sha256:4f1d9991f5acc0ca119f9d443620b77f9d6b33703e51011c16baf57afb285fc6"
            ],
            "markers": "platform_system == 'Windows'",
            "version": "==0.4.6"
        },
        "customtkinter": {
            "hashes": [
                "sha256:14ad3e7cd3cb3b9eb642b9d4e8711ae80d3f79fb82545ad11258eeffb2e6b37c",
                "sha256:fd8db3bafa961c982ee6030dba80b4c2e25858630756b513986db19113d8d207"
            ],
            "version": "==5.2.2"
        },
        "darkdetect": {
            "hashes": [
                "sha256:a7509ccf517eaad92b31c214f593dbcf138ea8a43b2935406bbd565e15527a85",
                "sha256:b5428e1170263eb5dea44c25dc3895edd75e6f52300986353cd63533fe7df8b1"
            ],
            "markers": "python_version >= '3.6'",
            "version": "==0.8.0"
        },
        "hacktools": {
            "extras": [
                "armips",
                "cli",
                "graphics",
                "psp",
                "xdelta"
            ],
            "hashes": [
                "sha256:0007a709d90708770ad77f4f612814575d515c960bbf439d4ba5130cda331f57",
                "sha256:009e632170f5cd01f740c79a8807c93e69119c34e44a8826d9a2ccf11e675d7e",
                "sha256:01980ba57f499f358e90d8c29e23b659cb19657d8e716159c966251215f6be21",
                "sha256:0257b82a66ddc5ad34eba9344f9068b7f040cc880725475d3ae5905a8a32a8ca",
                "sha256:037e73d13fca3b43fa6ad8932dc018eb2793b4dbbd5a000cfaf0037cd76acb40",
                "sha256:053c169f473e08b79c65e8b1640cdf741939268205c3e3a80023552aa4c3808a",
                "sha256:073c7e9f25d7f267a1747a7d7bb793183eb1bf00cece7fba8a36f518e5b1c108",
                "sha256:091625201b2a74bcf60e08c75fc3d7febd2d553622112f17d3ab03141c0ca6e5",
                "sha256:0a9564dab40fc68d8a0be4af2678420c62cb7fd7991aed9bb46882ac61af9047",
                "sha256:0ffa3d05803547aa7afad3214b8571fcb6491b28a21ddf5b6f6d07858a5c499f",
                "sha256:1723017d0bf579412a14c516337c2d5490483772d399e84ff012212ee9786fa7",
                "sha256:1728c99a5ccfe83280249831395a34e7c291bd42374b292acd95f2e4378faa6a",
                "sha256:1b5706fb163fd10260ed782e847f9834a32ded4111dc783b3db945e08ef4127e",
                "sha256:1da22aa37bb6d5aa5fbe3bd5b5994f7f945f78946c252b94188e8c5ceac971dc",
                "sha256:1e3a2005f6feec1c2c236560af485b3141de2921efb160bfc6da0cd209452238",
                "sha256:1f84eec5472c0295103eb1c6dc3553ee90169fa14a1acbdd138fff603b0b78ec",
                "sha256:245423b1c06e5692b2bd4d06c46a091104a0ea24d754ebf8ddeb2d822aad80da",
                "sha256:29a141db684db1d1b9c339e83d08bc24c46e5aab3c4e9c410abe02edba19eebb",
                "sha256:2dcb2e97fe4e4bf9ab1f3fd8f2db6e6eaa3cf56e06cfcafc696381b94a2d922f",
                "sha256:2ebdf942560634ad4d0894c81c5f557397e0deb959bafca730a558cf4f48a7ab",
                "sha256:36064e1104bb4546b1c177ccf6e1f760679fd8c7d66c081301e88df3d72fdaa8",
                "sha256:380d6b29565febf0615b7de8111ce05064b01f6fcf8cb0dd5f48439ef78b24e8",
                "sha256:4005e9a2427b84015e2cc01936a869c6d8cc02d56184fee5c6f0c07d9da4fe05",
                "sha256:403188bde04d635357a5bf49ac750227652d515ab557e155e9d9da62b7443530",
                "sha256:4185ab07665a85e57ae313d11cf1454628844cda1c957d4e1c526ad36afdc81a",
                "sha256:4416d245dd9b23c7e1d8fdfc2b0d13f0884319ad131fb6f7ba5dd2ba64d2cfbc",
                "sha256:4946c1fd2885eff275a4ca57070f30579fcf22134fac4784fb11283a9b34d033",
                "sha256:49a3c59b6d884a1bdaa6af1b011e473cc4c16f325a7909569183b32c49de0dbf",
                "sha256:4e612e063539e95b701b6ecdd2e23302842447fe71fee35ee2cce92b12315fdc",
                "sha256:52efaed0792200fb1afa892081cbd09c9921f6e42bf0879eb004fa63b3edaee5",
                "sha256:574c88f10d77216aaec839bbbe4c40d76d2711a0b516a28f708f4d63655e3229",
                "sha256:5949e2d1ef009c372f726525e7e6767a1764e2185791152513682a2a8ac2e113",
                "sha256:5e2989845e3378c84d340c8f2d9d56c6e51a54dca7531c72095098c7a1c432e5",
                "sha256:6058b3cd0c859cb9f19b69cacd4703f55abb9152d3b1fb84e251df0cea1f16a8",
                "sha256:61cb684ea49cabf1ab1535b033d54db6e96a85838e92a7c026e05ae60b52d112",
                "sha256:6a2bad49da7d5d3156643078cffd9cf9fe30f22fe7c359d3190bb8fe3c5c4763",
                "sha256:6f0acc53fd8561bbdd0b3b7f18de0cf993c331962c47e10e6252d37a1eb07e3e",
                "sha256:705951fd6e87aefed5afb27bb598c842b749372b48ed88477d226ea5886a93ff",
                "sha256:72c6c7fe78f8b655343a830c29dcbbaf6384d06dfeb8bed48ef1e6fb8a2fae82",
                "sha256:7b44093f170859a4e35aaa8f8f7c27f0d0aba9ff637e1701fc738e692f398f6b",
                "sha256:80a060b171eb11be68e1ee0ff4ddd7dde9659697665c5e008547a56f3dfe9695",
                "sha256:867b73e6ab11df9280622bd0a75e6ca122c33822d9fb7177dc0335c8db03ded2",
                "sha256:908c19f4fbc366fabbe13480193df7b0d3525ab0a0e83fb9d1a94002d88a07e7",
                "sha256:9271e5b5978563961603057b2ab1386cf3a31b7109562cea1343b3b5bc96ea57",
                "sha256:9369def66ffad64265f4fd13674a0213b750522220e1e7b534ebc9f12439c4e7",
                "sha256:937205a90e5b0e1771d7d123d0921277466f00f74c3e8ec42f763ec6ce9e68e6",
                "sha256:93c6518c162717c30ad8ffb3a290ea284a6e213f53c705c815cd203a011e1b99",
                "sha256:9d83ff46afcfe5b3623a0f6caba226839296d3301b0239de0aff6a3f5314a70d",
                "sha256:a02de7c9b7fcbd55d37ab0a34278d19ce2c68c816b4eb083873078f73e3ae00d",
                "sha256:a15904cc973c4b758d2713fbe755a29ae0c43fcb3da4f6dd1a1c8c17e3c01251",
                "sha256:a5d34ac6e4fb77a44b21138989983c1a79b349fa9e844bcb1e01f7059562c257",
                "sha256:a6b10c0c6cdb2ef841587ed63ba69d833ec354257a148cd56c790a03574eb932",
                "sha256:af27a20f30d7028f8ccb3c79868123288b21a733fa05111789fb4d6db7f0e8c4",
                "sha256:b4ae2c179dcba8e981558caeba582ceef2f2724b101f31df324da3b46f5cd757",
                "sha256:b9a5b87de4dbc726a6af1c7ab87520d609b80f59de28789c6aeac9b3025b5a57",
                "sha256:be09c9003c1b82dc38916c347a93b2f7197bae3964f7ecca993d19913e9e72b7",
                "sha256:beac58ad70a59138f0f26bf45561f5a0b734dc135e561c69fe72953b379fc81b",
                "sha256:c16c3a56d25028e3135f9679faa1523a7e755158356754a4257d9e6d5710b974",
                "sha256:c42582607931fe6a10727fedc9bb53a65f2b2f8f09a6723566005da103c4161c",
                "sha256:ca7e9c97e60e03ef23ba1e45ea5e9aeccf6920c8383727272aa8af1058063e93",
                "sha256:cc7ae6aea013e31d09cabc8980b19ea2bc6a0204f6e7dd9b08467fe44705cfda",
                "sha256:cdb4b512156b455d48c24ed99c3158a9b62ecd95e73d75186009ff8673f1d868",
                "sha256:d110e6d31ddec3c803f14ebcc282fe824a68226adfb8fb4838deb5d7208edb2b",
                "sha256:d258b9ed76b157e007ff59165e535b9dcd4a8f1c06e59dae4bacc4a3c3c98fff",
                "sha256:d333170c45480b9f5062e51ee097762caf531a77ce83b15203326ba8270c3d68",
                "sha256:e847a7b0378ae3e3da22e410681a465a64d54826b2d0cba5fef696bbcc90758f",
                "sha256:ec59acdbccf39aee578d11c8828128de47c78f5b666c9b1a020a334bd174e0c7",
                "sha256:f1baf8a5337878c480ddbf4c95864b587c677cf3e215cae76c1b510d5bf93a2a",
                "sha256:f36061e04c19e3761056d129c4b66adeb9c011b0adeed50252b8480432c3257e",
                "sha256:f425c045a93ed3ed2822602affa6248036e92d5c572aef0ea63b2a341883eac6",
                "sha256:f53225ea3ee61be7dd241f4885925954c0fb94d5ed3b9a79b3a734da4ea724f6",
                "sha256:f7d9008edcaf90e67ba122909d3583c1cb0040b391f34425ee43e01583418cc4",
                "sha256:fe0e4d09948f0502fc2fcc2de16ecaf43fda30f454d0422c99ff4a5738ebb04f",
                "sha256:ffa93e3f0d812f1ac629c99c620a09e3883764a0155c10f0a369f3c11f69c389",
                "sha256:fff4f6ac7548780e2162eef5a5f04697f60889a194d4096988c569b1450dd323"
            ],
            "markers": "python_version >= '3.7'",
            "version": "==0.38.5"
        },
        "packaging": {
            "hashes": [
                "sha256:29572ef2b1f17581046b3a2227d5c611fb25ec70ca1ba8554b24b0e69331a484",
                "sha256:d443872c98d677bf60f6a1f2f8c1cb748e8fe762d2bf9d3148b5599295b0fc4f"
            ],
            "markers": "python_version >= '3.8'",
            "version": "==25.0"
        },
        "pillow": {
            "hashes": [
                "sha256:014ca0050c85003620526b0ac1ac53f56fc93af128f7546623cc8e31875ab928",
                "sha256:036e53f4170e270ddb8797d4c590e6dd14d28e15c7da375c18978045f7e6c37b",
                "sha256:062b7a42d672c45a70fa1f8b43d1d38ff76b63421cbbe7f88146b39e8a558d91",
                "sha256:0c3e6d0f59171dfa2e25d7116217543310908dfa2770aa64b8f87605f8cacc97",
                "sha256:0c7b29dbd4281923a2bfe562acb734cee96bbb129e96e6972d315ed9f232bef4",
                "sha256:0f5c7eda47bf8e3c8a283762cab94e496ba977a420868cb819159980b6709193",
                "sha256:127bf6ac4a5b58b3d32fc8289656f77f80567d65660bc46f72c0d77e6600cc95",
                "sha256:14e33b28bf17c7a38eede290f77db7c664e4eb01f7869e37fa98a5aa95978941",
                "sha256:14f73f7c291279bd65fda51ee87affd7c1e097709f7fdd0188957a16c264601f",
                "sha256:191955c55d8a712fab8934a42bfefbf99dd0b5875078240943f913bb66d46d9f",
                "sha256:1d535df14716e7f8776b9e7fee118576d65572b4aad3ed639be9e4fa88a1cad3",
                "sha256:208653868d5c9ecc2b327f9b9ef34e0e42a4cdd172c2988fd81d62d2bc9bc044",
                "sha256:21e1470ac9e5739ff880c211fc3af01e3ae505859392bf65458c224d0bf283eb",
                "sha256:225c832a13326e34f212d2072982bb1adb210e0cc0b153e688743018c94a2681",
                "sha256:25a5f306095c6780c52e6bbb6109624b95c5b18e40aab1c3041da3e9e0cd3e2d",
                "sha256:2728567e249cdd939f6cc3d1f049595c66e4187f3c34078cbc0a7d21c47482d2",
                "sha256:2b490402c96f907a166615e9a5afacf2519e28295f157ec3a2bb9bd57de638cb",
                "sha256:312c77b7f07ab2139924d2639860e084ec2a13e72af54d4f08ac843a5fc9c79d",
                "sha256:31df6e2d3d8fc99f993fd253e97fae451a8db2e7207acf97859732273e108406",
                "sha256:35ca289f712ccfc699508c4658a1d14652e8033e9b69839edf83cbdd0ba39e70",
                "sha256:3692b68c87096ac6308296d96354eddd25f98740c9d2ab54e1549d6c8aea9d79",
                "sha256:36d6b82164c39ce5482f649b437382c0fb2395eabc1e2b1702a6deb8ad647d6e",
                "sha256:39ad2e0f424394e3aebc40168845fee52df1394a4673a6ee512d840d14ab3013",
                "sha256:3e645b020f3209a0181a418bffe7b4a93171eef6c4ef6cc20980b30bebf17b7d",
                "sha256:3fe735ced9a607fee4f481423a9c36701a39719252a9bb251679635f99d0f7d2",
                "sha256:4b835d89c08a6c2ee7781b8dd0a30209a8012b5f09c0a665b65b0eb3560b6f36",
                "sha256:4d375eb838755f2528ac8cbc926c3e31cc49ca4ad0cf79cff48b20e30634a4a7",
                "sha256:4eb92eca2711ef8be42fd3f67533765d9fd043b8c80db204f16c8ea62ee1a751",
                "sha256:5119225c622403afb4b44bad4c1ca6c1f98eed79db8d3bc6e4e160fc6339d66c",
                "sha256:562d11134c97a62fe3af29581f083033179f7ff435f78392565a1ad2d1c2c45c",
                "sha256:598174aef4589af795f66f9caab87ba4ff860ce08cd5bb447c6fc553ffee603c",
                "sha256:63b5dff3a68f371ea06025a1a6966c9a1e1ee452fc8020c2cd0ea41b83e9037b",
                "sha256:6ebce70c3f486acf7591a3d73431fa504a4e18a9b97ff27f5f47b7368e4b9dd1",
                "sha256:738db0e0941ca0376804d4de6a782c005245264edaa253ffce24e5a15cbdc7bd",
                "sha256:7491cf8a79b8eb867d419648fff2f83cb0b3891c8b36da92cc7f1931d46108c8",
                "sha256:74ee3d7ecb3f3c05459ba95eed5efa28d6092d751ce9bf20e3e253a4e497e691",
                "sha256:750f96efe0597382660d8b53e90dd1dd44568a8edb51cb7f9d5d918b80d4de14",
                "sha256:78092232a4ab376a35d68c4e6d5e00dfd73454bd12b230420025fbe178ee3b0b",
                "sha256:78afba22027b4accef10dbd5eed84425930ba41b3ea0a86fa8d20baaf19d807f",
                "sha256:7bdb5e09068332578214cadd9c05e3d64d99e0e87591be22a324bdbc18925be0",
                "sha256:80f1df8dbe9572b4b7abdfa17eb5d78dd620b1d55d9e25f834efdbee872d3aed",
                "sha256:85d27ea4c889342f7e35f6d56e7e1cb345632ad592e8c51b693d7b7556043ce0",
                "sha256:8b02d8f9cb83c52578a0b4beadba92e37d83a4ef11570a8688bbf43f4ca50909",
                "sha256:8ce2e8411c7aaef53e6bb29fe98f28cd4fbd9a1d9be2eeea434331aac0536b22",
                "sha256:8f4f3724c068be008c08257207210c138d5f3731af6c155a81c2b09a9eb3a788",
                "sha256:9622e3b6c1d8b551b6e6f21873bdcc55762b4b2126633014cea1803368a9aa16",
                "sha256:9b7b0d4fd2635f54ad82785d56bc0d94f147096493a79985d0ab57aedd563156",
                "sha256:9bc7ae48b8057a611e5fe9f853baa88093b9a76303937449397899385da06fad",
                "sha256:9db98ab6565c69082ec9b0d4e40dd9f6181dab0dd236d26f7a50b8b9bfbd5076",
                "sha256:9ee66787e095127116d91dea2143db65c7bb1e232f617aa5957c0d9d2a3f23a7",
                "sha256:a0a6709b47019dff32e678bc12c63008311b82b9327613f534e496dacaefb71e",
                "sha256:a64dd61998416367b7ef979b73d3a85853ba9bec4c2925f74e588879a58716b6",
                "sha256:aa442755e31c64037aa7c1cb186e0b369f8416c567381852c63444dd666fb772",
                "sha256:ad275964d52e2243430472fc5d2c2334b4fc3ff9c16cb0a19254e25efa03a155",
                "sha256:b0e130705d568e2f43a17bcbe74d90958e8a16263868a12c3e0d9c8162690830",
                "sha256:b10428b3416d4f9c61f94b494681280be7686bda15898a3a9e08eb66a6d92d67",
                "sha256:b2dbea1012ccb784a65349f57bbc93730b96e85b42e9bf7b01ef40443db720b4",
                "sha256:b4ba4be812c7a40280629e55ae0b14a0aafa150dd6451297562e1764808bbe61",
                "sha256:b93a07e76d13bff9444f1a029e0af2964e654bfc2e2c2d46bfd080df5ad5f3d8",
                "sha256:bf2c33d6791c598142f00c9c4c7d47f6476731c31081331664eb26d6ab583e01",
                "sha256:c27476257b2fdcd7872d54cfd119b3a9ce4610fb85c8e32b70b42e3680a29a1e",
                "sha256:c8bd62331e5032bc396a93609982a9ab6b411c05078a52f5fe3cc59234a3abd1",
                "sha256:c97209e85b5be259994eb5b69ff50c5d20cca0f458ef9abd835e262d9d88b39d",
                "sha256:cc1c3bc53befb6096b84165956e886b1729634a799e9d6329a0c512ab651e579",
                "sha256:cc5d875d56e49f112b6def6813c4e3d3036d269c008bf8aef72cd08d20ca6df6",
                "sha256:d189ba1bebfbc0c0e529159631ec72bb9e9bc041f01ec6d3233d6d82eb823bc1",
                "sha256:d4e5c5edee874dce4f653dbe59db7c73a600119fbea8d31f53423586ee2aafd7",
                "sha256:d57a75d53922fc20c165016a20d9c44f73305e67c351bbc60d1adaf662e74047",
                "sha256:da3104c57bbd72948d75f6a9389e6727d2ab6333c3617f0a89d72d4940aa0443",
                "sha256:dd6b20b93b3ccc9c1b597999209e4bc5cf2853f9ee66e3fc9a400a78733ffc9a",
                "sha256:e0409af9f829f87a2dfb7e259f78f317a5351f2045158be321fd135973fff7bf",
                "sha256:e0b55f27f584ed623221cfe995c912c61606be8513bfa0e07d2c674b4516d9dd",
                "sha256:e616e7154c37669fc1dfc14584f11e284e05d1c650e1c0f972f281c4ccc53193",
                "sha256:e6def7eed9e7fa90fde255afaf08060dc4b343bbe524a8f69bdd2a2f0018f600",
                "sha256:ea926cfbc3957090becbcbbb65ad177161a2ff2ad578b5a6ec9bb1e1cd78753c",
                "sha256:f0d3348c95b766f54b76116d53d4cb171b52992a1027e7ca50c81b43b9d9e363",
                "sha256:f6b0c664ccb879109ee3ca702a9272d877f4fcd21e5eb63c26422fd6e415365e",
                "sha256:f781dcb0bc9929adc77bad571b8621ecb1e4cdef86e940fe2e5b5ee24fd33b35",
                "sha256:f91ebf30830a48c825590aede79376cb40f110b387c17ee9bd59932c961044f9",
                "sha256:fdec757fea0b793056419bca3e9932eb2b0ceec90ef4813ea4c1e072c389eb28",
                "sha256:fe15238d3798788d00716637b3d4e7bb6bde18b26e5d08335a96e88564a36b6b"
            ],
            "version": "==11.2.1"
        },
        "pyarmips": {
            "hashes": [
                "sha256:02ae40b7ff1856497b710efec6483fce15326adad3e32046710d6c245f3d8762",
                "sha256:071a25b81374f5f88d6e1f637eb37795d885a4088374cda90d84e3fdb4f33961",
                "sha256:07cce7c77948631a96292866ad0a4fe25f3e22eae177cb72aa978705b1b05bd8",
                "sha256:0c0b085c3aab1c4e2357b0f3ffc33e2764f5900d138120d312a9ecda7c10dfe5",
                "sha256:10145b338271e874dea2b8a0d9dd905453382524bbbe7ec689ff9f8720d7849b",
                "sha256:11437c7c8860fdb3adb2d2fb10be78c538a3e09bb29e8d406c65b204e55147bc",
                "sha256:11762f541849d9769ad5a9fbc41933882d316d6ff186ad2a225fb81a4c1d251c",
                "sha256:1c6cc5ac435ceca48fcd18ceaaa80b5a22f4b0e45a363cc9d1fee3316f9fda0a",
                "sha256:1e63f673d8c3598c31ddc3fffb662d4faff3722561a0f6ffab4587e25820bf50",
                "sha256:22ddd2301864eee1c273d1d1c85e543e1d2a40754f579ca60c3e30f7efffb44d",
                "sha256:231e9b2fb8778d2a992f0facc1f0d8a36821e6f1a123b0b79579d5e3f5d1ddbb",
                "sha256:2cd879be9a0c3aee25d9aa8438b9fd67a6b78b06b66fe8705da0472d258c9b9c",
                "sha256:2dff13fe6ee05b3c7b762ca0ce0df39c1a952b21f1472dd24fa3be4b95738b1d",
                "sha256:2fac30c40b880c1627d3dcf3550e03375f81afa70b5e18c7c40ac66d65505b7a",
                "sha256:32c1ace3c36f8c27c4d1c0aa900401aac5928c3d5551f6dcc55b7be315fff0ae",
                "sha256:37cff62f2ad55834473ec514e668fcdb1583222780b1158cd356d4285e49ab08",
                "sha256:3e4b49c0bf07280e3a8a67567295432e308dee4f1207db4cdc65f1e7f11bcf16",
                "sha256:3ef31acac710d44279875bf71bd4d0ad7aa9c02881890878fd55497ee1743f13",
                "sha256:3f847a2ea50c72d97a4a14b67a7dd3fbce2f57fba719f324024359e61e52cdc4",
                "sha256:3f9f7bb30b681d7e79552dec095309cf091abdb4a1034a4b8c9fbbb479fe1009",
                "sha256:48978933f47aadc593ae536fd71f04bb7df36967340c86e5eabfe1f0f0e4c312",
                "sha256:4f690b7f00c93f0489fd373e877422be9f3ae7956da41e323958ea03bdf6cc15",
                "sha256:521cc141f63368665f0d345a9639b86504da4ec8a0b6c6ccea6e68348f72aa87",
                "sha256:52ff5d853726f7f7940305a787ce9f688e21459ffdc2a697004073d5cf9702de",
                "sha256:58a4be1c159f18d44fe4fc0608d0514ceccd25cdd3bdb477a6804eaa7228022a",
                "sha256:601754a2e531a73a0efc93601aab68c37cd9bfa84e1da5eb72f7660db05a6ef5",
                "sha256:60fdf233fbbe2c74c6d1bd772b5f9d7d52f24544122dc7b01480dc7c32359b24",
                "sha256:616df63eab9bac264505b666b0e627f7ec44877d0a6d679cedbcaca567e7b56e",
                "sha256:644efb3a10fd258cf17e753e7a7e4500ae5c07c4d5e6b775e0c95086454967c5",
                "sha256:6c4a74d88115032c45595dcd020070b176a337a0b0e83471889c56954b766a4c",
                "sha256:73f989e24dda0b1d391ae4cde8154b62d941bc0aa92b0a36f74dda08b91eb321",
                "sha256:7456bebb85253be9ab562e4db3310f50515e5b8708dae6e9d08494e5fffe26be",
                "sha256:7523acccec9bd1e929642fa30c3bfa150141343cacac4e5720000a291db495b4",
                "sha256:7893667effb95a1292c177e764012d829202e14ac058fef94337d2939c84c9f8",
                "sha256:7a77c8c83603e7fb21a0d25d3744787aeea624e8a02ae31fb51faf5bf1b4a0c6",
                "sha256:7e187b88bb894f9d9a3617a0cfe7f5d5caf42d40300a32192946dffda9d8bd73",
                "sha256:86259e0c67dc43e79fb60bdd84d73c57dfe027fc643520a776c6774677e242fc",
                "sha256:8c168d34bf93aeee6ce2ce3a405dcd1fc13c5f0b0bbee7785f1efa1b923f80ab",
                "sha256:9454e992ca121fb1b3963ce9a4f234022d1164b1aa828434c536fe48fa7a131c",
                "sha256:967fec27df69464dfed0f4cf4dbdf2d9b789dcc6f58c9d6ecf5d2818cf6ebaee",
                "sha256:974773d4eefe1a8b43425d7904d1fbc150ede80d962be08cd0aef23fb388e7ab",
                "sha256:9831cf64486c6ad1116b7d635a6a1186b19527b4cf52d37480b75e2cffe9a1c4",
                "sha256:9ca26211237b8b220181a735567c2a41fff2b45da1aa8851e093c93d8a705531",
                "sha256:9dc3ab5eef699d617bc3ff18a3d8275c2c350b83537865fa82b5086e0a27f586",
                "sha256:a1c610da4ad99bad944298cf83c26f779e7ed27f0015dd31ab30724bc0c6be7a",
                "sha256:a5ee19d5f14fa298963ada494f391401ebfc2d611695861b514e84188a6bf5e4",
                "sha256:ac79b4d216a0ec55873d9ed6f27e28da07e61fe19f0cf22f6d4659d6420085ac",
                "sha256:b5ddbee0f54f6c0627a6da6776261c2b11b057dfe57df72dd023c3e5d7fd5bef",
                "sha256:bc4df2901373950ed1b26948acfc02b923fde4a6e0558421dd0d01cd37feffc9",
                "sha256:bce90a973955d4d9f15017b2638bae6357f386afe66af7f2c5593c8050af9813",
                "sha256:c4220a4ffc9e65400837ec8eb7ea7a338ededfcdaf2dc17b6ab159af2051ec01",
                "sha256:c5c96e3160bb50f52659957d503aca5d5138f3769de0c8f1f7e1eafae0e7f54b",
                "sha256:cd47f06c1fff760db3e908fd45314efbe7720c44c9e816dbf558e468cedfe98c",
                "sha256:cffc665a54e9c762152f839e4bce01ba2c6c1cae200a2424492cde086754dba8",
                "sha256:df5678ee98c5e1ec68b05e444c44d186c16bfb4727abe18ee9154692423d7542",
                "sha256:e03280a0458b5fdb60d8a54f6bdede72bb00697641299c7f25ec9985b4a91b3b",
                "sha256:e08cfd91dd6a80f50b7e57ce8627057c7f0c266aa61d698de2a8781e8dc35d01",
                "sha256:e13576f028c4077e9554c77d922caa51e7e398d90e4f84f7916f5f1730848b4c",
                "sha256:e52043bcbb74e06ae73a8da74b9f7bb8ec98ab0cd7869592b53b18403458a760",
                "sha256:e6ced5f7e96ef23eb6c5c8cfe237ef05bb09d6ffcb9678078a45812d98fd3bb6",
                "sha256:ec697b2b66c4d856b299ae8edc762b66eb3bb04b5828e22c4d7fdc2f230fb925",
                "sha256:f0df8a4a7046ee745f20dcd6db39c8f232bbb14dde6e6e7854485513c2ec720f",
                "sha256:f8ae4ca39537ac55e515724a4196cae04a2b53c9f92b9320d54e632a4b22cf3e"
            ],
            "version": "==0.11.3"
        },
        "pycdlib": {
            "hashes": [
                "sha256:8ec306b31d9c850f28c5fda52438d904edd1e8fcf862c5ffd756272efac9f422",
                "sha256:a905827335f0066af3fd416c5cf9b1f29dffaf4d0914b714555213d1809f38d4"
            ],
            "version": "==1.14.0"
        },
        "pyeboot": {
            "hashes": [
                "sha256:053d8ced06810cd07c8a100743532a4356f9761d3591be06674f9043ccf9b4e0",
                "sha256:1178291200ccc18e019a62dc2e44081ad6afb88e0e11fba36da3b8f7d5480df1",
                "sha256:12b6959facc22320c40d150d787ceebaf9e2cf7651146b5eba0565a4af869225",
                "sha256:143d3f7676f07bc3583d3a8ae5f73bb1bc2231569ae980f519caba6e67e448a2",
                "sha256:16dcb23f9a9882075205393ddcf4ccbe94e8f7e5dc31424f285c160d366a7803",
                "sha256:206a227e0fcb8d5ffc4ed23dcdf034efb58fbdc2f44f51ced6460d0790321b90",
                "sha256:210bae82577d3a73683cc383c9a875e595e2116f1fd5f5a82bb5a85ac3f3c6ac",
                "sha256:22f742df8d7aade69e23252b41d51a399965ca3017cbb6e86cd47ed1fdfeb913",
                "sha256:24ac3bc128feebce42fccee1ab5cd1d778c49f93745e72b7952a82bb98ed869b",
                "sha256:34ff7f25723d5e9c1d03221407cb6420efa9a157cb674b2933f1f6ea29883117",
                "sha256:35b0fd8d82a52e0f99ba97e903abc94ea37dcde2c686bd6450adb692f998e27f",
                "sha256:365b394eff26a7941256cb78dc0afee0d253200935d3071f2e324e856cb53604",
                "sha256:3e7bb2834af195c528ca9eac3f9e4da9646eefcb14472ab3d9b11acbd36a1839",
                "sha256:4dc4274d9fc78f1ea1d24eaee29e5c66446c0b1936e84af2225cc057b6eb2ede",
                "sha256:50aae7d55f4591329597e46c0334cd6eb4c9ce767707faf1a1954c0be46836a8",
                "sha256:542dbcf220cda436171a2de635a4e2e51cfa5f1ab58dae5f7cebbd6dad07886f",
                "sha256:56e341a3b6174409b902ac40e681b35c5364f8431da6852dc6d7b225746c2077",
                "sha256:59e759d237d3c0215b80d80871c427641110bf0264d7d4b43c2ad1d4380738f5",
                "sha256:5c1a12ce71619cf7f6e430376d9efb589bb282453d3905b4a4deadf4a29117ad",
                "sha256:5c8679fb8f1534c28d46e1c12b77f3e4399b1896726dd8e597270f970d58bca8",
                "sha256:5d229ed1cca6c4f24b620e713fb865ef4a561167be8235fdac99471605dc5a63",
                "sha256:6019ab46dd5f79fac41aaac6980d98369c7310ceeb1ee004141a2040e539be5c",
                "sha256:6482b1efcc518cac5848fb3ed64e56de5f3c20f6b1e917bc2af7f20fc73daa2e",
                "sha256:6c0b5e3bf4601eab882581c2bacbf9bd37981625e4b7ad74676250b880fc273a",
                "sha256:74a094ecd0ac98b49e8b885061ef2031d21e0d80be0096015f22363e60150e5b",
                "sha256:7942ad04b647661995b0412fa1edf37239eab649f8af966119f61f2a2358148c",
                "sha256:7cdd8d4364f8fc5095463d3de7ecc588373f28fe42c787272ad9e9e42387d0a1",
                "sha256:7fac10b5076530f15f1f1cfd6f5654bf312ef3c0d19eae36a439c5a65411b5da",
                "sha256:832bbb167ff019ea90057455d507a7b68f3199ea5c29d256768329a6823d9d7d",
                "sha256:845340baed9cc733ff43c5cb7e9e5d88ae5e75aaaad6e5536329d4924ac1b488",
                "sha256:8636dc05392e2189fe32869297c594a0298b6131868c950594500a1fb75ce856",
                "sha256:897974936c767c3a99c1bcecd0d8b3f85fa20020fe24cf347b4b4018f37166d7",
                "sha256:8c7be01433d0d4676c73a35c4d11e4b6b387cdd992082bdfeb5898c522023fa0",
                "sha256:8df15f0592ce9a4cad70b71d0d3e3c3b92cd180ab7e08925cf3672b2bb61877c",
                "sha256:8eb3d6ced2dbccefb41c6ef5cc90cf3be488040634c3e4e4222456f6a2711aa4",
                "sha256:8f969088638c938f82fe5e4c1791a7c703b3afa9717f749d5f687a3381e03cab",
                "sha256:90e1aaf439c4d06d774c26c902fd432bd047e51b36e12a769944bc1945eafcc1",
                "sha256:93550a2f68db42b4f62a27abe16dddd76be1ba55cc548ff5da1ef5fd9f2645e3",
                "sha256:93bca1bd10dfa3b4a2b210a650ebec9f00d1c6d9d0e6824a524d4eb6d5f6edf1",
                "sha256:94a68c93adc16f2ac66ea0d953ac335c43f09ebb4726a120ebd83257c1bf2887",
                "sha256:9a4de13031d57360aadbe54168cec97f5c4da138391add711604e41c56da6c78",
                "sha256:9ce1b656775275ac61e4a50b983be6f6e81524fd275f8d8ce6646d4d7f0d5142",
                "sha256:a23a57bd640fff7717470cdda0272e8f37ee5a6d9d27ef248f7cf54b1e94afa7",
                "sha256:a5f39ef59acddc03dd420b67d289cd282519b559000321a6c738ccb9f23fdec6",
                "sha256:a606ab2f3f337945b06b1e5b7837ba9b7a8e3dce9d281fbfb210595a8d2b5881",
                "sha256:a74f2585eb1ab56413825d91fe113dc75d627368c41a028ee7da4bf3ae1157d5",
                "sha256:c992b426a75de028f9d77bd95f1f0e71e61ea5ea9b2a20e52bed3dab8ff9ff40",
                "sha256:c9d3da1f484e88d517f56b9c6c86431f730cde04b82e6125c43c60c0245b9bbf",
                "sha256:d05ecf7794bd301261b7de5f92397ce2cca96c05e91f136d9bb5bf1b9ce8cda6",
                "sha256:d15379f22b39c877421c356f32fed77726a339b9e3d332ad65f417fa66889902",
                "sha256:d2a56f21ab49a26580e30c502873ab68cf74a9aa257865dfcab1cf5eaedc5cf5",
                "sha256:d935e4ed1d7c8ea0fbe070609eebafd14d4d62b668ab21c7b7c1e072ea154934",
                "sha256:e49208c510dfe74402c4b1c646312edb3d458d45aa2c8848a805a3bb5ee8e5e0",
                "sha256:e770dc5dfedc421afe34a7909183d7d2b2461c1c108dacc1f276156973828cfc",
                "sha256:ea557b78286b2f77273ebbb26c5d4a6b1eb8f2ae15d998ff59f017fc0ddb4f6c",
                "sha256:eb3f3084341cb6093c66455d507172d569e2e0c68eb1b7ac978f2bd6cb57c300",
                "sha256:eb5cf4015cedd048a59afb1a53664b07ebd21ff2082096013d8dfa33e0b00625",
                "sha256:f1eb079c2860aa3b69ce15411ab36ef19f580079670263fbbfe94719b343ba88",
                "sha256:f2483d244e98517237ab747e579923c77c9a2d9c59efe1a341101ff797059a2d",
                "sha256:f9da66b63930388385b23d4ea0df4562e3722cfb62f208366370914b55a16598",
                "sha256:fa396ff0dfe2b8b230d0f4d11ccb6292f60d8c4f6580119239f307d7916458fb",
                "sha256:fc5b2604812053286ab04675078a22290d7e600aa99d724f3f7578c941b8fbed",
                "sha256:fe9292a63cf6e99735b223ea7da28fad0445274cde907d26a857c82e517baf63"
            ],
            "version": "==0.2.2"
        },
        "pyxdelta": {
            "hashes": [
                "sha256:03d365e9ae859d727a80e248bb011e1b1cccf6a206def1770143beb10b2379f8",
                "sha256:04bcdaeb442821882dafba1aa7267957063d0263da2457907bb12c7f9f1bc3d5",
                "sha256:062f28a2ef6bbb456c72af2fe88c513f6c6babf7a4671544e83a44cb40fe0765",
                "sha256:07fb46a029742cf2930150c00155016632a741f7d1b6e6e8df06eed01033ea60",
                "sha256:0823276d0ed093cbbc08af733ac4825145ad36e56bb557f1559b91d158493239",
                "sha256:0a15cf8d5d8a3712429132538c79d4cf40784e2643eee4b7c045a2e867d489e1",
                "sha256:0afd7ae7d79bdc84eb157cdeed86330c5f07350c832fb166db08ed31fd839302",
                "sha256:121dcb3d141039424489b31c752f5817d529ed09a2f6476aa942728de7b53ad0",
                "sha256:1969fa682fda8c0fb3deb5d034dba1bc395827eeb03885907dd83efcd00d6ade",
                "sha256:25ed6ac896adec1b7c5a293b2870d662e383275c5479f9063a50738613075dc6",
                "sha256:2773cd3e2aaec311e5b33d376570f66bb43035312a4fdd269a975d822f9d085a",
                "sha256:287f83b50db8e65f957afae5ea1166f5982fd36bd2d798b8cacbc22bcf4da35b",
                "sha256:2b4a65a0c947a8a2524bd01f7c2a8d132f341cf35893abcc438a98534bbe520d",
                "sha256:31e62d191b6c3161580ef62fca6dbafab36daa6da1488a3b6502b5d085b04a82",
                "sha256:3266ccbe4e0f35329aa6c9ea9a8f9ec1c0ace8941c1f49ddab1b1d6a52daab63",
                "sha256:32a49b28b879941856cc5a3865df2532d4aaebcce34acb7c2e0abb74e749dbbb",
                "sha256:3ca8421c92e0a22a3c761537d079bef29cc60f6cef94d423100e1ecc9f3c9811",
                "sha256:3fb24f614c73bc4a2d0ee0d0b3c347276fc491e1d413f159d0420fe003444b4e",
                "sha256:43a2076854944de499b36b044cd9f169e8907008bdfcaf1588c7728de8667003",
                "sha256:458831060e5a11138df01942b37146cafb60e4b1ebcafd8f30b2e228b67bce6a",
                "sha256:458db6d4fc82217dc8e7ceb5d2a8268f984b447ce0d0b688357188b80029ea9b",
                "sha256:473e9eeb7883f70248b20d38cfc004b306f8a193e8b7b738cf1757557fd93a0f",
                "sha256:4fec88d463ae2d1b29553f07a240efbff37860bcba8bf331578b73ac733e87f9",
                "sha256:516d807ce22333ef62dd9d5de973340e730c23699f704d711a1e9407f2743705",
                "sha256:5170c03fc4bf900c2e8fdfa39d8621b6a631a4cba271b56d01f3dc9b015ae93e",
                "sha256:5426dc4c1d97ad13332bff8a55e2110296b35e006c57d9477a728067d957ff56",
                "sha256:5559f1a807fcc5deaefdf3aea3319054ebeabe99659da69e021e972074f7e842",
                "sha256:583b3087ecfe11df6f59f5b8ea136402fef2a9833689176ad1aae1ed0743bb55",
                "sha256:60dcd430ab5ca2ff6c727f2ae5c81cdd499a468671d9b8cb3a6a80c85f123e8a",
                "sha256:6309f2d338a0a511eab9b187b3e3ce672ff03163d58d73c9d347f0323f6b7112",
                "sha256:65f64594b3f4216fc7e832dbc42173aaea2fde0b13316a9276fb1b6c317ac95a",
                "sha256:67b857eeae4b474056c596f0d481202e8e681eca707288ec18c6b4399367feea",
                "sha256:6956dac348a3ee55bdf5b176c724961e5fe54012e46a6ae78036bceeb48251b4",
                "sha256:6bd2f0c3f8c4db53a5f45e7f77e012d073621ef78a914d8c85ad2196ff99355c",
                "sha256:71914ac5c0011729697b79812c135378c3102202e92cca405e0b524b6c7d880c",
                "sha256:72a8bbb5ff964503f26d06a74968c2ef78b8425e9401cac6fc816f6ee13390b4",
                "sha256:76f4847740f745baa95431a805da920d5904a264e36b6c2c44a80179ade42a2a",
                "sha256:77bffdf4bdac2f6d1d2ff1e451fc2626321e3026452c54bfbb34943c5ce21a42",
                "sha256:77d713d02b731bc014199abdc7fc9eddc582772986f017a9dfc6f8fab4d98680",
                "sha256:7c50afa79027decc64c6b73929d58d497e905328d8a9c22f403ccb9a1af1f5ab",
                "sha256:7ebd4fb99941b73301eb68c9f1b0d1176a771b28b8bca0481f07af0e53185c1f",
                "sha256:80dedf0a95ecbf6825f3ada10a3035d8d9ba2a8002541d2451a33b793e11d472",
                "sha256:870d3aa7108e770ff079c272928b27d3627695d73f05b4360e6fd8e51a5ff0ee",
                "sha256:87f89b30f822de2542b4a5057571bbe7d342d28629c104ac915c4e5ed47c23e4",
                "sha256:8cce93c110503578b6276a1110661ec8aa360a06798a1a0eccedd6542ee8a26d",
                "sha256:8e09a43c7897929d21c2f730f0ba14aaf2004b09888dbcf09de5ea7505708c67",
                "sha256:906ecec6209fbf83709ebbccead616dedf1ebef1df67dffa924937b41c2b9bfb",
                "sha256:9308e828fcf79422053b549a22322dfc41d584836974cf19e3341766e40072c1",
                "sha256:9329d5c541e04352d7bac793faedd15d7af760475502ed25663a517e7024aed6",
                "sha256:97762382dc76cac8bb79240966440968f13d9efd3a7249a8061ff0e5e26f103e",
                "sha256:997b0e8e21ef434a1c06e6b37c8280693818cf6efa93b4ead9ca30bd022a1f9d",
                "sha256:9f2e81a57a4e0048107e7bae88c2825500b5f8c70d274aa9c07430e5108f60c4",
                "sha256:a3aa20b9434d3bef22b8bc464b88772280230321b39276cd8467f2089d2f6e18",
                "sha256:a410650b95c51645f96cfc5d1e36da98512e8264d43740345c6834e17d480902",
                "sha256:ab30819de587c616b38b4dc425d25846645a310984cc6ba8d8138576d9396ee0",
                "sha256:ab9c686f836d0c419337d427f4282fc15a7c55153b59ff7b8588af27df0b1af7",
                "sha256:aed0c07f50296955ba1fe430a9c85a421c12459942aed91a0c5f0701cc5046cb",
                "sha256:b032e3b0a4dfc976d812d38aeb241172dd27cde41e7019cc01f6c90bb5a6e2b5",
                "sha256:b3e76ff647139e400b355e00a79bf87d608a228dae9c490616f78db036bee7eb",
                "sha256:be8ebdeb3a21a36a0dc78862e995b2ad48e085220e3b977c99f115617826f375",
                "sha256:c07b69b0337d05d9fb1b23a40fb0e9e9e4b623767cf9ddd657a3c9ecf4d32691",
                "sha256:c35b86089b604655f6be62b384d34c40d10a05443059158354215542bc61869f",
                "sha256:c3bbc8b30efd8cd8b8489fdb36325fb3382469c5a8dc2888cfb70c2c78ce5166",
                "sha256:c79d4edd8c4309ac89ce2ab1c3552ab8181b408c29a099498b422a501f9f66e0",
                "sha256:c9465922c347f1d13c7873c87a6d5543076f305e198cf7cc7c1b1f4c05f0a091",
                "sha256:c982df75a9da0ec83bcddb312256173f3245f1bb5cd7dfe5c490d477e0eb205f",
                "sha256:d0dfe10a47d1ef7586fedf7c43d2063523a16ee8cba8df76712db72fde4cc5c5",
                "sha256:d18ad1c1abadef8be65db65fee6c2de2556533d1ab016c42ece4dfe2391639e2",
                "sha256:d73ba837e3a32a51ef738af5c203c791765e6d3024783018171980710295c73c",
                "sha256:dcfc878dd09f60c08b9d367e89dc7b815c98e634feeb1e7838d0a2a2e9cc30af",
                "sha256:dd62e299cdd8787df945ce89b79d40fad020475e9aa6440abc836558e422eef4",
                "sha256:ddf312e0f2bb8c9de3887f4cfa07a74395e8c4db1081d763f25a33fcd61b8644",
                "sha256:dfc511f0d0d3e3ad5b9a2ff77239f9278ea57706abd5adc011634b134a05d6f6",
                "sha256:e34297145aa0ed71526098b7626860971a5cb764c04be8f9b920461348055b3f",
                "sha256:e99e0b3b5e943c7b37cf2352ac1ac6930ae3cd9f6cba71c3703f4b31214a05b9",
                "sha256:eac61181556abe7c09b2fe0e8489427bc251ec4a51e5ad0ac3baaa51370219bf",
                "sha256:ec81e06e56b5886a0f0db835c8a34d5ab1421b2020df4e8d55c91d26ccefc5a6",
                "sha256:f1b6a0552679f2541a42840b920df6f945008b8ac9fe8508e347c834fd33fb17",
                "sha256:f51a321470f42a3ce05ae03371554cf00bc19148d3f7be332c483fbb22cae59f",
                "sha256:fbcd0c5c652fbb8a382acf4464e353e9e54f3d94c723bef1581f18fd355081fc",
                "sha256:fc1718569a58286cf211dd86bfc5de43121bfc0ecbfafdac5556ea1f6c24d59e",
                "sha256:fea521df414fd00c8c0442fd07891171221891ddbc9dcd5819a4b1b9cf05b5ae"
            ],
            "version": "==0.2.1"
        },
        "tqdm": {
            "hashes": [
                "sha256:26445eca388f82e72884e0d580d5464cd801a3ea01e63e5601bdff9ba6a48de2",
                "sha256:f8aef9c52c08c13a65f30ea34f4e5aac3fd1a34959879d7e59e63027286627f2"
            ],
            "version": "==4.67.1"
        }
    },
    "develop": {}
}
